
Microsoft Visual Studio Solution File, Format Version 12.00
# Visual Studio Version 17
VisualStudioVersion = 17.9.34701.34
MinimumVisualStudioVersion = 10.0.40219.1
Project("{9A19103F-16F7-4668-BE54-9A1E7A4F7556}") = "Xml-Json RW Utility", "Xml-Json RW Utility\Xml-Json RW Utility.csproj", "{9C381730-BA07-48B8-9BF6-7BE9F51FFD6B}"
EndProject
Project("{FAE04EC0-301F-11D3-BF4B-00C04F79EFBC}") = "ProjectTests", "ProjectTests\ProjectTests.csproj", "{11C05D93-9197-431C-A282-3AE254191EAC}"
EndProject
Global
	GlobalSection(SolutionConfigurationPlatforms) = preSolution
		Debug|Any CPU = Debug|Any CPU
		Release|Any CPU = Release|Any CPU
	EndGlobalSection
	GlobalSection(ProjectConfigurationPlatforms) = postSolution
		{9C381730-BA07-48B8-9BF6-7BE9F51FFD6B}.Debug|Any CPU.ActiveCfg = Debug|Any CPU
		{9C381730-BA07-48B8-9BF6-7BE9F51FFD6B}.Debug|Any CPU.Build.0 = Debug|Any CPU
		{9C381730-BA07-48B8-9BF6-7BE9F51FFD6B}.Release|Any CPU.ActiveCfg = Release|Any CPU
		{9C381730-BA07-48B8-9BF6-7BE9F51FFD6B}.Release|Any CPU.Build.0 = Release|Any CPU
		{11C05D93-9197-431C-A282-3AE254191EAC}.Debug|Any CPU.ActiveCfg = Debug|Any CPU
		{11C05D93-9197-431C-A282-3AE254191EAC}.Debug|Any CPU.Build.0 = Debug|Any CPU
		{11C05D93-9197-431C-A282-3AE254191EAC}.Release|Any CPU.ActiveCfg = Release|Any CPU
		{11C05D93-9197-431C-A282-3AE254191EAC}.Release|Any CPU.Build.0 = Release|Any CPU
	EndGlobalSection
	GlobalSection(SolutionProperties) = preSolution
		HideSolutionNode = FALSE
	EndGlobalSection
	GlobalSection(ExtensibilityGlobals) = postSolution
		SolutionGuid = {D3F9AAE0-2FC4-4AA3-835D-AE8FBB40134D}
	EndGlobalSection
EndGlobal
